// !$*UTF8*$!
{
	archiveVersion = 1;
	classes = {
	};
	objectVersion = 56;
	objects = {

/* Begin PBXBuildFile section */
		F283E7E82BEE7D4100F7244D /* DDHSceneMonth.m in Sources */ = {isa = PBXBuildFile; fileRef = F283E7E72BEE7D4100F7244D /* DDHSceneMonth.m */; };
		F2D4E2112BE565A700432050 /* AppDelegate.m in Sources */ = {isa = PBXBuildFile; fileRef = F2D4E2102BE565A700432050 /* AppDelegate.m */; };
		F2D4E21A2BE565A700432050 /* Base in Resources */ = {isa = PBXBuildFile; fileRef = F2D4E2192BE565A700432050 /* Base */; };
		F2D4E21C2BE565A800432050 /* Assets.xcassets in Resources */ = {isa = PBXBuildFile; fileRef = F2D4E21B2BE565A800432050 /* Assets.xcassets */; };
		F2D4E21F2BE565A800432050 /* Base in Resources */ = {isa = PBXBuildFile; fileRef = F2D4E21E2BE565A800432050 /* Base */; };
		F2D4E2222BE565A800432050 /* main.m in Sources */ = {isa = PBXBuildFile; fileRef = F2D4E2212BE565A800432050 /* main.m */; };
		F2D4E22A2BE5660F00432050 /* DDHSolarSystemView.m in Sources */ = {isa = PBXBuildFile; fileRef = F2D4E2292BE5660F00432050 /* DDHSolarSystemView.m */; };
		F2D4E22D2BE5662000432050 /* DDHSolarSystemViewController.m in Sources */ = {isa = PBXBuildFile; fileRef = F2D4E22C2BE5662000432050 /* DDHSolarSystemViewController.m */; };
		F2D4E2302BE5683200432050 /* DDHNodesCreator.m in Sources */ = {isa = PBXBuildFile; fileRef = F2D4E22F2BE5683200432050 /* DDHNodesCreator.m */; };
		F2D4E2562BE6094C00432050 /* SceneDelegate.m in Sources */ = {isa = PBXBuildFile; fileRef = F2D4E2552BE6094C00432050 /* SceneDelegate.m */; };
		F2D4E2582BE6274B00432050 /* Textures.xcassets in Resources */ = {isa = PBXBuildFile; fileRef = F2D4E2572BE6274200432050 /* Textures.xcassets */; };
		F2D4E25B2BE67F6200432050 /* DDHBirthday.m in Sources */ = {isa = PBXBuildFile; fileRef = F2D4E25A2BE67F6200432050 /* DDHBirthday.m */; };
		F2D4E2602BE6862700432050 /* UIImage+Extenstion.m in Sources */ = {isa = PBXBuildFile; fileRef = F2D4E25F2BE6862700432050 /* UIImage+Extenstion.m */; };
		F2D4E2652BE7642200432050 /* DDHContactsManager.m in Sources */ = {isa = PBXBuildFile; fileRef = F2D4E2642BE7642200432050 /* DDHContactsManager.m */; };
		F2D4E2682BE78A0A00432050 /* DDHDateHelper.m in Sources */ = {isa = PBXBuildFile; fileRef = F2D4E2672BE78A0A00432050 /* DDHDateHelper.m */; };
/* End PBXBuildFile section */

/* Begin PBXFileReference section */
		F283E7E62BEE7D4100F7244D /* DDHSceneMonth.h */ = {isa = PBXFileReference; lastKnownFileType = sourcecode.c.h; path = DDHSceneMonth.h; sourceTree = "<group>"; };
		F283E7E72BEE7D4100F7244D /* DDHSceneMonth.m */ = {isa = PBXFileReference; lastKnownFileType = sourcecode.c.objc; path = DDHSceneMonth.m; sourceTree = "<group>"; };
		F2D4E20C2BE565A700432050 /* SceneBirthdays.app */ = {isa = PBXFileReference; explicitFileType = wrapper.application; includeInIndex = 0; path = SceneBirthdays.app; sourceTree = BUILT_PRODUCTS_DIR; };
		F2D4E20F2BE565A700432050 /* AppDelegate.h */ = {isa = PBXFileReference; lastKnownFileType = sourcecode.c.h; path = AppDelegate.h; sourceTree = "<group>"; };
		F2D4E2102BE565A700432050 /* AppDelegate.m */ = {isa = PBXFileReference; lastKnownFileType = sourcecode.c.objc; path = AppDelegate.m; sourceTree = "<group>"; };
		F2D4E2192BE565A700432050 /* Base */ = {isa = PBXFileReference; lastKnownFileType = file.storyboard; name = Base; path = Base.lproj/Main.storyboard; sourceTree = "<group>"; };
		F2D4E21B2BE565A800432050 /* Assets.xcassets */ = {isa = PBXFileReference; lastKnownFileType = folder.assetcatalog; path = Assets.xcassets; sourceTree = "<group>"; };
		F2D4E21E2BE565A800432050 /* Base */ = {isa = PBXFileReference; lastKnownFileType = file.storyboard; name = Base; path = Base.lproj/LaunchScreen.storyboard; sourceTree = "<group>"; };
		F2D4E2202BE565A800432050 /* Info.plist */ = {isa = PBXFileReference; lastKnownFileType = text.plist.xml; path = Info.plist; sourceTree = "<group>"; };
		F2D4E2212BE565A800432050 /* main.m */ = {isa = PBXFileReference; lastKnownFileType = sourcecode.c.objc; path = main.m; sourceTree = "<group>"; };
		F2D4E2282BE5660F00432050 /* DDHSolarSystemView.h */ = {isa = PBXFileReference; lastKnownFileType = sourcecode.c.h; path = DDHSolarSystemView.h; sourceTree = "<group>"; };
		F2D4E2292BE5660F00432050 /* DDHSolarSystemView.m */ = {isa = PBXFileReference; lastKnownFileType = sourcecode.c.objc; path = DDHSolarSystemView.m; sourceTree = "<group>"; };
		F2D4E22B2BE5662000432050 /* DDHSolarSystemViewController.h */ = {isa = PBXFileReference; lastKnownFileType = sourcecode.c.h; path = DDHSolarSystemViewController.h; sourceTree = "<group>"; };
		F2D4E22C2BE5662000432050 /* DDHSolarSystemViewController.m */ = {isa = PBXFileReference; lastKnownFileType = sourcecode.c.objc; path = DDHSolarSystemViewController.m; sourceTree = "<group>"; };
		F2D4E22E2BE5683200432050 /* DDHNodesCreator.h */ = {isa = PBXFileReference; lastKnownFileType = sourcecode.c.h; path = DDHNodesCreator.h; sourceTree = "<group>"; };
		F2D4E22F2BE5683200432050 /* DDHNodesCreator.m */ = {isa = PBXFileReference; lastKnownFileType = sourcecode.c.objc; path = DDHNodesCreator.m; sourceTree = "<group>"; };
		F2D4E2542BE6094C00432050 /* SceneDelegate.h */ = {isa = PBXFileReference; fileEncoding = 4; lastKnownFileType = sourcecode.c.h; path = SceneDelegate.h; sourceTree = "<group>"; };
		F2D4E2552BE6094C00432050 /* SceneDelegate.m */ = {isa = PBXFileReference; fileEncoding = 4; lastKnownFileType = sourcecode.c.objc; path = SceneDelegate.m; sourceTree = "<group>"; };
		F2D4E2572BE6274200432050 /* Textures.xcassets */ = {isa = PBXFileReference; lastKnownFileType = folder.assetcatalog; path = Textures.xcassets; sourceTree = "<group>"; };
		F2D4E2592BE67F6200432050 /* DDHBirthday.h */ = {isa = PBXFileReference; lastKnownFileType = sourcecode.c.h; path = DDHBirthday.h; sourceTree = "<group>"; };
		F2D4E25A2BE67F6200432050 /* DDHBirthday.m */ = {isa = PBXFileReference; lastKnownFileType = sourcecode.c.objc; path = DDHBirthday.m; sourceTree = "<group>"; };
		F2D4E25E2BE6862700432050 /* UIImage+Extenstion.h */ = {isa = PBXFileReference; lastKnownFileType = sourcecode.c.h; path = "UIImage+Extenstion.h"; sourceTree = "<group>"; };
		F2D4E25F2BE6862700432050 /* UIImage+Extenstion.m */ = {isa = PBXFileReference; lastKnownFileType = sourcecode.c.objc; path = "UIImage+Extenstion.m"; sourceTree = "<group>"; };
		F2D4E2632BE7642200432050 /* DDHContactsManager.h */ = {isa = PBXFileReference; lastKnownFileType = sourcecode.c.h; path = DDHContactsManager.h; sourceTree = "<group>"; };
		F2D4E2642BE7642200432050 /* DDHContactsManager.m */ = {isa = PBXFileReference; lastKnownFileType = sourcecode.c.objc; path = DDHContactsManager.m; sourceTree = "<group>"; };
		F2D4E2662BE78A0A00432050 /* DDHDateHelper.h */ = {isa = PBXFileReference; lastKnownFileType = sourcecode.c.h; path = DDHDateHelper.h; sourceTree = "<group>"; };
		F2D4E2672BE78A0A00432050 /* DDHDateHelper.m */ = {isa = PBXFileReference; lastKnownFileType = sourcecode.c.objc; path = DDHDateHelper.m; sourceTree = "<group>"; };
/* End PBXFileReference section */

/* Begin PBXFrameworksBuildPhase section */
		F2D4E2092BE565A700432050 /* Frameworks */ = {
			isa = PBXFrameworksBuildPhase;
			buildActionMask = 2147483647;
			files = (
			);
			runOnlyForDeploymentPostprocessing = 0;
		};
/* End PBXFrameworksBuildPhase section */

/* Begin PBXGroup section */
		F2D4E2032BE565A700432050 = {
			isa = PBXGroup;
			children = (
				F2D4E20E2BE565A700432050 /* SceneBirthdays */,
				F2D4E20D2BE565A700432050 /* Products */,
			);
			indentWidth = 4;
			sourceTree = "<group>";
			tabWidth = 4;
		};
		F2D4E20D2BE565A700432050 /* Products */ = {
			isa = PBXGroup;
			children = (
				F2D4E20C2BE565A700432050 /* SceneBirthdays.app */,
			);
			name = Products;
			sourceTree = "<group>";
		};
		F2D4E20E2BE565A700432050 /* SceneBirthdays */ = {
			isa = PBXGroup;
			children = (
				F2D4E20F2BE565A700432050 /* AppDelegate.h */,
				F2D4E2102BE565A700432050 /* AppDelegate.m */,
				F2D4E2542BE6094C00432050 /* SceneDelegate.h */,
				F2D4E2552BE6094C00432050 /* SceneDelegate.m */,
				F2D4E2622BE763F400432050 /* SolarSystem */,
				F2D4E2612BE763E500432050 /* Model */,
				F2D4E25E2BE6862700432050 /* UIImage+Extenstion.h */,
				F2D4E25F2BE6862700432050 /* UIImage+Extenstion.m */,
				F2D4E2182BE565A700432050 /* Main.storyboard */,
				F2D4E21B2BE565A800432050 /* Assets.xcassets */,
				F2D4E2572BE6274200432050 /* Textures.xcassets */,
				F2D4E21D2BE565A800432050 /* LaunchScreen.storyboard */,
				F2D4E2202BE565A800432050 /* Info.plist */,
				F2D4E2212BE565A800432050 /* main.m */,
			);
			path = SceneBirthdays;
			sourceTree = "<group>";
		};
		F2D4E2612BE763E500432050 /* Model */ = {
			isa = PBXGroup;
			children = (
				F2D4E2592BE67F6200432050 /* DDHBirthday.h */,
				F2D4E25A2BE67F6200432050 /* DDHBirthday.m */,
				F2D4E2632BE7642200432050 /* DDHContactsManager.h */,
				F2D4E2642BE7642200432050 /* DDHContactsManager.m */,
				F2D4E2662BE78A0A00432050 /* DDHDateHelper.h */,
				F2D4E2672BE78A0A00432050 /* DDHDateHelper.m */,
				F283E7E62BEE7D4100F7244D /* DDHSceneMonth.h */,
				F283E7E72BEE7D4100F7244D /* DDHSceneMonth.m */,
			);
			path = Model;
			sourceTree = "<group>";
		};
		F2D4E2622BE763F400432050 /* SolarSystem */ = {
			isa = PBXGroup;
			children = (
				F2D4E22B2BE5662000432050 /* DDHSolarSystemViewController.h */,
				F2D4E22C2BE5662000432050 /* DDHSolarSystemViewController.m */,
				F2D4E2282BE5660F00432050 /* DDHSolarSystemView.h */,
				F2D4E2292BE5660F00432050 /* DDHSolarSystemView.m */,
				F2D4E22E2BE5683200432050 /* DDHNodesCreator.h */,
				F2D4E22F2BE5683200432050 /* DDHNodesCreator.m */,
			);
			path = SolarSystem;
			sourceTree = "<group>";
		};
/* End PBXGroup section */

/* Begin PBXNativeTarget section */
		F2D4E20B2BE565A700432050 /* SceneBirthdays */ = {
			isa = PBXNativeTarget;
			buildConfigurationList = F2D4E2252BE565A800432050 /* Build configuration list for PBXNativeTarget "SceneBirthdays" */;
			buildPhases = (
				F2D4E2082BE565A700432050 /* Sources */,
				F2D4E2092BE565A700432050 /* Frameworks */,
				F2D4E20A2BE565A700432050 /* Resources */,
			);
			buildRules = (
			);
			dependencies = (
			);
			name = SceneBirthdays;
			productName = SceneBirthdays;
			productReference = F2D4E20C2BE565A700432050 /* SceneBirthdays.app */;
			productType = "com.apple.product-type.application";
		};
/* End PBXNativeTarget section */

/* Begin PBXProject section */
		F2D4E2042BE565A700432050 /* Project object */ = {
			isa = PBXProject;
			attributes = {
				BuildIndependentTargetsInParallel = 1;
				LastUpgradeCheck = 1530;
				TargetAttributes = {
					F2D4E20B2BE565A700432050 = {
						CreatedOnToolsVersion = 15.3;
						LastSwiftMigration = 1530;
					};
				};
			};
			buildConfigurationList = F2D4E2072BE565A700432050 /* Build configuration list for PBXProject "SceneBirthdays" */;
			compatibilityVersion = "Xcode 14.0";
			developmentRegion = en;
			hasScannedForEncodings = 0;
			knownRegions = (
				en,
				Base,
			);
			mainGroup = F2D4E2032BE565A700432050;
			productRefGroup = F2D4E20D2BE565A700432050 /* Products */;
			projectDirPath = "";
			projectRoot = "";
			targets = (
				F2D4E20B2BE565A700432050 /* SceneBirthdays */,
			);
		};
/* End PBXProject section */

/* Begin PBXResourcesBuildPhase section */
		F2D4E20A2BE565A700432050 /* Resources */ = {
			isa = PBXResourcesBuildPhase;
			buildActionMask = 2147483647;
			files = (
				F2D4E21C2BE565A800432050 /* Assets.xcassets in Resources */,
				F2D4E2582BE6274B00432050 /* Textures.xcassets in Resources */,
				F2D4E21F2BE565A800432050 /* Base in Resources */,
				F2D4E21A2BE565A700432050 /* Base in Resources */,
			);
			runOnlyForDeploymentPostprocessing = 0;
		};
/* End PBXResourcesBuildPhase section */

/* Begin PBXSourcesBuildPhase section */
		F2D4E2082BE565A700432050 /* Sources */ = {
			isa = PBXSourcesBuildPhase;
			buildActionMask = 2147483647;
			files = (
				F2D4E2112BE565A700432050 /* AppDelegate.m in Sources */,
				F283E7E82BEE7D4100F7244D /* DDHSceneMonth.m in Sources */,
				F2D4E2302BE5683200432050 /* DDHNodesCreator.m in Sources */,
				F2D4E2562BE6094C00432050 /* SceneDelegate.m in Sources */,
				F2D4E2602BE6862700432050 /* UIImage+Extenstion.m in Sources */,
				F2D4E2222BE565A800432050 /* main.m in Sources */,
				F2D4E22A2BE5660F00432050 /* DDHSolarSystemView.m in Sources */,
				F2D4E2652BE7642200432050 /* DDHContactsManager.m in Sources */,
				F2D4E22D2BE5662000432050 /* DDHSolarSystemViewController.m in Sources */,
				F2D4E2682BE78A0A00432050 /* DDHDateHelper.m in Sources */,
				F2D4E25B2BE67F6200432050 /* DDHBirthday.m in Sources */,
			);
			runOnlyForDeploymentPostprocessing = 0;
		};
/* End PBXSourcesBuildPhase section */

/* Begin PBXVariantGroup section */
		F2D4E2182BE565A700432050 /* Main.storyboard */ = {
			isa = PBXVariantGroup;
			children = (
				F2D4E2192BE565A700432050 /* Base */,
			);
			name = Main.storyboard;
			sourceTree = "<group>";
		};
		F2D4E21D2BE565A800432050 /* LaunchScreen.storyboard */ = {
			isa = PBXVariantGroup;
			children = (
				F2D4E21E2BE565A800432050 /* Base */,
			);
			name = LaunchScreen.storyboard;
			sourceTree = "<group>";
		};
/* End PBXVariantGroup section */

/* Begin XCBuildConfiguration section */
		F2D4E2232BE565A800432050 /* Debug */ = {
			isa = XCBuildConfiguration;
			buildSettings = {
				ALWAYS_SEARCH_USER_PATHS = NO;
				ASSETCATALOG_COMPILER_GENERATE_SWIFT_ASSET_SYMBOL_EXTENSIONS = YES;
				CLANG_ANALYZER_NONNULL = YES;
				CLANG_ANALYZER_NUMBER_OBJECT_CONVERSION = YES_AGGRESSIVE;
				CLANG_CXX_LANGUAGE_STANDARD = "gnu++20";
				CLANG_ENABLE_MODULES = YES;
				CLANG_ENABLE_OBJC_ARC = YES;
				CLANG_ENABLE_OBJC_WEAK = YES;
				CLANG_WARN_BLOCK_CAPTURE_AUTORELEASING = YES;
				CLANG_WARN_BOOL_CONVERSION = YES;
				CLANG_WARN_COMMA = YES;
				CLANG_WARN_CONSTANT_CONVERSION = YES;
				CLANG_WARN_DEPRECATED_OBJC_IMPLEMENTATIONS = YES;
				CLANG_WARN_DIRECT_OBJC_ISA_USAGE = YES_ERROR;
				CLANG_WARN_DOCUMENTATION_COMMENTS = YES;
				CLANG_WARN_EMPTY_BODY = YES;
				CLANG_WARN_ENUM_CONVERSION = YES;
				CLANG_WARN_INFINITE_RECURSION = YES;
				CLANG_WARN_INT_CONVERSION = YES;
				CLANG_WARN_NON_LITERAL_NULL_CONVERSION = YES;
				CLANG_WARN_OBJC_IMPLICIT_RETAIN_SELF = YES;
				CLANG_WARN_OBJC_LITERAL_CONVERSION = YES;
				CLANG_WARN_OBJC_ROOT_CLASS = YES_ERROR;
				CLANG_WARN_QUOTED_INCLUDE_IN_FRAMEWORK_HEADER = YES;
				CLANG_WARN_RANGE_LOOP_ANALYSIS = YES;
				CLANG_WARN_STRICT_PROTOTYPES = YES;
				CLANG_WARN_SUSPICIOUS_MOVE = YES;
				CLANG_WARN_UNGUARDED_AVAILABILITY = YES_AGGRESSIVE;
				CLANG_WARN_UNREACHABLE_CODE = YES;
				CLANG_WARN__DUPLICATE_METHOD_MATCH = YES;
				COPY_PHASE_STRIP = NO;
				DEBUG_INFORMATION_FORMAT = dwarf;
				ENABLE_STRICT_OBJC_MSGSEND = YES;
				ENABLE_TESTABILITY = YES;
				ENABLE_USER_SCRIPT_SANDBOXING = YES;
				GCC_C_LANGUAGE_STANDARD = gnu17;
				GCC_DYNAMIC_NO_PIC = NO;
				GCC_NO_COMMON_BLOCKS = YES;
				GCC_OPTIMIZATION_LEVEL = 0;
				GCC_PREPROCESSOR_DEFINITIONS = (
					"DEBUG=1",
					"$(inherited)",
				);
				GCC_WARN_64_TO_32_BIT_CONVERSION = YES;
				GCC_WARN_ABOUT_RETURN_TYPE = YES_ERROR;
				GCC_WARN_UNDECLARED_SELECTOR = YES;
				GCC_WARN_UNINITIALIZED_AUTOS = YES_AGGRESSIVE;
				GCC_WARN_UNUSED_FUNCTION = YES;
				GCC_WARN_UNUSED_VARIABLE = YES;
				IPHONEOS_DEPLOYMENT_TARGET = 17.4;
				LOCALIZATION_PREFERS_STRING_CATALOGS = YES;
				MTL_ENABLE_DEBUG_INFO = INCLUDE_SOURCE;
				MTL_FAST_MATH = YES;
				ONLY_ACTIVE_ARCH = YES;
				SDKROOT = iphoneos;
			};
			name = Debug;
		};
		F2D4E2242BE565A800432050 /* Release */ = {
			isa = XCBuildConfiguration;
			buildSettings = {
				ALWAYS_SEARCH_USER_PATHS = NO;
				ASSETCATALOG_COMPILER_GENERATE_SWIFT_ASSET_SYMBOL_EXTENSIONS = YES;
				CLANG_ANALYZER_NONNULL = YES;
				CLANG_ANALYZER_NUMBER_OBJECT_CONVERSION = YES_AGGRESSIVE;
				CLANG_CXX_LANGUAGE_STANDARD = "gnu++20";
				CLANG_ENABLE_MODULES = YES;
				CLANG_ENABLE_OBJC_ARC = YES;
				CLANG_ENABLE_OBJC_WEAK = YES;
				CLANG_WARN_BLOCK_CAPTURE_AUTORELEASING = YES;
				CLANG_WARN_BOOL_CONVERSION = YES;
				CLANG_WARN_COMMA = YES;
				CLANG_WARN_CONSTANT_CONVERSION = YES;
				CLANG_WARN_DEPRECATED_OBJC_IMPLEMENTATIONS = YES;
				CLANG_WARN_DIRECT_OBJC_ISA_USAGE = YES_ERROR;
				CLANG_WARN_DOCUMENTATION_COMMENTS = YES;
				CLANG_WARN_EMPTY_BODY = YES;
				CLANG_WARN_ENUM_CONVERSION = YES;
				CLANG_WARN_INFINITE_RECURSION = YES;
				CLANG_WARN_INT_CONVERSION = YES;
				CLANG_WARN_NON_LITERAL_NULL_CONVERSION = YES;
				CLANG_WARN_OBJC_IMPLICIT_RETAIN_SELF = YES;
				CLANG_WARN_OBJC_LITERAL_CONVERSION = YES;
				CLANG_WARN_OBJC_ROOT_CLASS = YES_ERROR;
				CLANG_WARN_QUOTED_INCLUDE_IN_FRAMEWORK_HEADER = YES;
				CLANG_WARN_RANGE_LOOP_ANALYSIS = YES;
				CLANG_WARN_STRICT_PROTOTYPES = YES;
				CLANG_WARN_SUSPICIOUS_MOVE = YES;
				CLANG_WARN_UNGUARDED_AVAILABILITY = YES_AGGRESSIVE;
				CLANG_WARN_UNREACHABLE_CODE = YES;
				CLANG_WARN__DUPLICATE_METHOD_MATCH = YES;
				COPY_PHASE_STRIP = NO;
				DEBUG_INFORMATION_FORMAT = "dwarf-with-dsym";
				ENABLE_NS_ASSERTIONS = NO;
				ENABLE_STRICT_OBJC_MSGSEND = YES;
				ENABLE_USER_SCRIPT_SANDBOXING = YES;
				GCC_C_LANGUAGE_STANDARD = gnu17;
				GCC_NO_COMMON_BLOCKS = YES;
				GCC_WARN_64_TO_32_BIT_CONVERSION = YES;
				GCC_WARN_ABOUT_RETURN_TYPE = YES_ERROR;
				GCC_WARN_UNDECLARED_SELECTOR = YES;
				GCC_WARN_UNINITIALIZED_AUTOS = YES_AGGRESSIVE;
				GCC_WARN_UNUSED_FUNCTION = YES;
				GCC_WARN_UNUSED_VARIABLE = YES;
				IPHONEOS_DEPLOYMENT_TARGET = 17.4;
				LOCALIZATION_PREFERS_STRING_CATALOGS = YES;
				MTL_ENABLE_DEBUG_INFO = NO;
				MTL_FAST_MATH = YES;
				SDKROOT = iphoneos;
				VALIDATE_PRODUCT = YES;
			};
			name = Release;
		};
		F2D4E2262BE565A800432050 /* Debug */ = {
			isa = XCBuildConfiguration;
			buildSettings = {
				ASSETCATALOG_COMPILER_APPICON_NAME = AppIcon;
				ASSETCATALOG_COMPILER_GLOBAL_ACCENT_COLOR_NAME = AccentColor;
				CLANG_ENABLE_MODULES = YES;
				CODE_SIGN_STYLE = Automatic;
				CURRENT_PROJECT_VERSION = 1;
				DEVELOPMENT_TEAM = Q6PD97MRX4;
				GENERATE_INFOPLIST_FILE = YES;
				INFOPLIST_FILE = SceneBirthdays/Info.plist;
				INFOPLIST_KEY_NSContactsUsageDescription = "Import contacts from whom you want to keep track of the birthday.";
				INFOPLIST_KEY_UIApplicationSupportsIndirectInputEvents = YES;
				INFOPLIST_KEY_UILaunchStoryboardName = LaunchScreen;
				INFOPLIST_KEY_UISupportedInterfaceOrientations_iPad = "UIInterfaceOrientationPortrait UIInterfaceOrientationPortraitUpsideDown UIInterfaceOrientationLandscapeLeft UIInterfaceOrientationLandscapeRight";
				INFOPLIST_KEY_UISupportedInterfaceOrientations_iPhone = "UIInterfaceOrientationPortrait UIInterfaceOrientationLandscapeLeft UIInterfaceOrientationLandscapeRight";
				LD_RUNPATH_SEARCH_PATHS = (
					"$(inherited)",
					"@executable_path/Frameworks",
				);
				MARKETING_VERSION = 1.0;
				PRODUCT_BUNDLE_IDENTIFIER = de.dasdom.SceneBirthdays;
				PRODUCT_NAME = "$(TARGET_NAME)";
				SWIFT_EMIT_LOC_STRINGS = YES;
				SWIFT_OPTIMIZATION_LEVEL = "-Onone";
				SWIFT_VERSION = 5.0;
				TARGETED_DEVICE_FAMILY = "1,2";
			};
			name = Debug;
		};
		F2D4E2272BE565A800432050 /* Release */ = {
			isa = XCBuildConfiguration;
			buildSettings = {
				ASSETCATALOG_COMPILER_APPICON_NAME = AppIcon;
				ASSETCATALOG_COMPILER_GLOBAL_ACCENT_COLOR_NAME = AccentColor;
				CLANG_ENABLE_MODULES = YES;
				CODE_SIGN_STYLE = Automatic;
				CURRENT_PROJECT_VERSION = 1;
				DEVELOPMENT_TEAM = Q6PD97MRX4;
				GENERATE_INFOPLIST_FILE = YES;
				INFOPLIST_FILE = SceneBirthdays/Info.plist;
				INFOPLIST_KEY_NSContactsUsageDescription = "Import contacts from whom you want to keep track of the birthday.";
				INFOPLIST_KEY_UIApplicationSupportsIndirectInputEvents = YES;
				INFOPLIST_KEY_UILaunchStoryboardName = LaunchScreen;
				INFOPLIST_KEY_UISupportedInterfaceOrientations_iPad = "UIInterfaceOrientationPortrait UIInterfaceOrientationPortraitUpsideDown UIInterfaceOrientationLandscapeLeft UIInterfaceOrientationLandscapeRight";
				INFOPLIST_KEY_UISupportedInterfaceOrientations_iPhone = "UIInterfaceOrientationPortrait UIInterfaceOrientationLandscapeLeft UIInterfaceOrientationLandscapeRight";
				LD_RUNPATH_SEARCH_PATHS = (
					"$(inherited)",
					"@executable_path/Frameworks",
				);
				MARKETING_VERSION = 1.0;
				PRODUCT_BUNDLE_IDENTIFIER = de.dasdom.SceneBirthdays;
				PRODUCT_NAME = "$(TARGET_NAME)";
				SWIFT_EMIT_LOC_STRINGS = YES;
				SWIFT_VERSION = 5.0;
				TARGETED_DEVICE_FAMILY = "1,2";
			};
			name = Release;
		};
/* End XCBuildConfiguration section */

/* Begin XCConfigurationList section */
		F2D4E2072BE565A700432050 /* Build configuration list for PBXProject "SceneBirthdays" */ = {
			isa = XCConfigurationList;
			buildConfigurations = (
				F2D4E2232BE565A800432050 /* Debug */,
				F2D4E2242BE565A800432050 /* Release */,
			);
			defaultConfigurationIsVisible = 0;
			defaultConfigurationName = Release;
		};
		F2D4E2252BE565A800432050 /* Build configuration list for PBXNativeTarget "SceneBirthdays" */ = {
			isa = XCConfigurationList;
			buildConfigurations = (
				F2D4E2262BE565A800432050 /* Debug */,
				F2D4E2272BE565A800432050 /* Release */,
			);
			defaultConfigurationIsVisible = 0;
			defaultConfigurationName = Release;
		};
/* End XCConfigurationList section */
	};
	rootObject = F2D4E2042BE565A700432050 /* Project object */;
}
